// !$*UTF8*$!
{
	archiveVersion = 1;
	classes = {
	};
	objectVersion = 46;
	objects = {

/* Begin PBXBuildFile section */
		89075F4E1670F536001A318D /* Cocoa.framework in Frameworks */ = {isa = PBXBuildFile; fileRef = 89075F4D1670F536001A318D /* Cocoa.framework */; };
		89075F581670F536001A318D /* InfoPlist.strings in Resources */ = {isa = PBXBuildFile; fileRef = 89075F561670F536001A318D /* InfoPlist.strings */; };
		89075F5A1670F536001A318D /* main.m in Sources */ = {isa = PBXBuildFile; fileRef = 89075F591670F536001A318D /* main.m */; };
		89075F5E1670F536001A318D /* Credits.rtf in Resources */ = {isa = PBXBuildFile; fileRef = 89075F5C1670F536001A318D /* Credits.rtf */; };
		89075F611670F536001A318D /* GSAppDelegate.m in Sources */ = {isa = PBXBuildFile; fileRef = 89075F601670F536001A318D /* GSAppDelegate.m */; };
		89075F641670F536001A318D /* MainMenu.xib in Resources */ = {isa = PBXBuildFile; fileRef = 89075F621670F536001A318D /* MainMenu.xib */; };
		89075F7016722D9F001A318D /* Icon.iconset in Resources */ = {isa = PBXBuildFile; fileRef = 89075F6F16722D9F001A318D /* Icon.iconset */; };
		89075F7216722E06001A318D /* gnuplot in Resources */ = {isa = PBXBuildFile; fileRef = 89075F7116722E06001A318D /* gnuplot */; };
		89075F7416722E22001A318D /* gitstats in Resources */ = {isa = PBXBuildFile; fileRef = 89075F7316722E22001A318D /* gitstats */; };
		8936ACEB167F76FF00EB60D5 /* GAAutoscrollTextView.m in Sources */ = {isa = PBXBuildFile; fileRef = 8936ACE8167F76FF00EB60D5 /* GAAutoscrollTextView.m */; };
		8936ACEC167F76FF00EB60D5 /* GACommandRunner.m in Sources */ = {isa = PBXBuildFile; fileRef = 8936ACEA167F76FF00EB60D5 /* GACommandRunner.m */; };
		8941AA02167AE240002FDB30 /* GSMainWindowController.m in Sources */ = {isa = PBXBuildFile; fileRef = 8941AA01167AE240002FDB30 /* GSMainWindowController.m */; };
		89FDA25016724E26003BFE02 /* WebKit.framework in Frameworks */ = {isa = PBXBuildFile; fileRef = 89FDA24F16724E26003BFE02 /* WebKit.framework */; };
/* End PBXBuildFile section */

/* Begin PBXContainerItemProxy section */
		89FDB5D61675D48D003BFE02 /* PBXContainerItemProxy */ = {
			isa = PBXContainerItemProxy;
			containerPortal = 89FDB5C31675D48C003BFE02 /* ObjectiveGitFramework.xcodeproj */;
			proxyType = 2;
			remoteGlobalIDString = 8DC2EF5B0486A6940098B216;
			remoteInfo = ObjectiveGit;
		};
		89FDB5D81675D48D003BFE02 /* PBXContainerItemProxy */ = {
			isa = PBXContainerItemProxy;
			containerPortal = 89FDB5C31675D48C003BFE02 /* ObjectiveGitFramework.xcodeproj */;
			proxyType = 2;
			remoteGlobalIDString = 04DB4645133AB57600D9C624;
			remoteInfo = "ObjectiveGit-iOS";
		};
		89FDB5DA1675D48D003BFE02 /* PBXContainerItemProxy */ = {
			isa = PBXContainerItemProxy;
			containerPortal = 89FDB5C31675D48C003BFE02 /* ObjectiveGitFramework.xcodeproj */;
			proxyType = 2;
			remoteGlobalIDString = 88F05A6B16011E5400B7AD1D;
			remoteInfo = ObjectiveGitTests;
		};
		89FDB5E31675D499003BFE02 /* PBXContainerItemProxy */ = {
			isa = PBXContainerItemProxy;
			containerPortal = 89FDB5C31675D48C003BFE02 /* ObjectiveGitFramework.xcodeproj */;
			proxyType = 1;
			remoteGlobalIDString = 8DC2EF4F0486A6940098B216;
			remoteInfo = ObjectiveGit;
		};
/* End PBXContainerItemProxy section */

/* Begin PBXFileReference section */
		89075F491670F536001A318D /* GitStatX.app */ = {isa = PBXFileReference; explicitFileType = wrapper.application; includeInIndex = 0; path = GitStatX.app; sourceTree = BUILT_PRODUCTS_DIR; };
		89075F4D1670F536001A318D /* Cocoa.framework */ = {isa = PBXFileReference; lastKnownFileType = wrapper.framework; name = Cocoa.framework; path = System/Library/Frameworks/Cocoa.framework; sourceTree = SDKROOT; };
		89075F501670F536001A318D /* AppKit.framework */ = {isa = PBXFileReference; lastKnownFileType = wrapper.framework; name = AppKit.framework; path = System/Library/Frameworks/AppKit.framework; sourceTree = SDKROOT; };
		89075F511670F536001A318D /* CoreData.framework */ = {isa = PBXFileReference; lastKnownFileType = wrapper.framework; name = CoreData.framework; path = System/Library/Frameworks/CoreData.framework; sourceTree = SDKROOT; };
		89075F521670F536001A318D /* Foundation.framework */ = {isa = PBXFileReference; lastKnownFileType = wrapper.framework; name = Foundation.framework; path = System/Library/Frameworks/Foundation.framework; sourceTree = SDKROOT; };
		89075F551670F536001A318D /* GitStatX-Info.plist */ = {isa = PBXFileReference; lastKnownFileType = text.plist.xml; path = "GitStatX-Info.plist"; sourceTree = "<group>"; };
		89075F571670F536001A318D /* en */ = {isa = PBXFileReference; lastKnownFileType = text.plist.strings; name = en; path = en.lproj/InfoPlist.strings; sourceTree = "<group>"; };
		89075F591670F536001A318D /* main.m */ = {isa = PBXFileReference; lastKnownFileType = sourcecode.c.objc; path = main.m; sourceTree = "<group>"; };
		89075F5B1670F536001A318D /* GitStatX-Prefix.pch */ = {isa = PBXFileReference; lastKnownFileType = sourcecode.c.h; path = "GitStatX-Prefix.pch"; sourceTree = "<group>"; };
		89075F5D1670F536001A318D /* en */ = {isa = PBXFileReference; lastKnownFileType = text.rtf; name = en; path = en.lproj/Credits.rtf; sourceTree = "<group>"; };
		89075F5F1670F536001A318D /* GSAppDelegate.h */ = {isa = PBXFileReference; lastKnownFileType = sourcecode.c.h; path = GSAppDelegate.h; sourceTree = "<group>"; };
		89075F601670F536001A318D /* GSAppDelegate.m */ = {isa = PBXFileReference; lastKnownFileType = sourcecode.c.objc; path = GSAppDelegate.m; sourceTree = "<group>"; };
		89075F631670F536001A318D /* en */ = {isa = PBXFileReference; lastKnownFileType = file.xib; name = en; path = en.lproj/MainMenu.xib; sourceTree = "<group>"; };
		89075F6F16722D9F001A318D /* Icon.iconset */ = {isa = PBXFileReference; lastKnownFileType = folder.iconset; path = Icon.iconset; sourceTree = "<group>"; };
		89075F7116722E06001A318D /* gnuplot */ = {isa = PBXFileReference; lastKnownFileType = folder; path = gnuplot; sourceTree = "<group>"; };
		89075F7316722E22001A318D /* gitstats */ = {isa = PBXFileReference; lastKnownFileType = folder; path = gitstats; sourceTree = "<group>"; };
		8936ACE7167F76FF00EB60D5 /* GAAutoscrollTextView.h */ = {isa = PBXFileReference; fileEncoding = 4; lastKnownFileType = sourcecode.c.h; path = GAAutoscrollTextView.h; sourceTree = "<group>"; };
		8936ACE8167F76FF00EB60D5 /* GAAutoscrollTextView.m */ = {isa = PBXFileReference; fileEncoding = 4; lastKnownFileType = sourcecode.c.objc; path = GAAutoscrollTextView.m; sourceTree = "<group>"; };
		8936ACE9167F76FF00EB60D5 /* GACommandRunner.h */ = {isa = PBXFileReference; fileEncoding = 4; lastKnownFileType = sourcecode.c.h; path = GACommandRunner.h; sourceTree = "<group>"; };
		8936ACEA167F76FF00EB60D5 /* GACommandRunner.m */ = {isa = PBXFileReference; fileEncoding = 4; lastKnownFileType = sourcecode.c.objc; path = GACommandRunner.m; sourceTree = "<group>"; };
		8941AA00167AE240002FDB30 /* GSMainWindowController.h */ = {isa = PBXFileReference; fileEncoding = 4; lastKnownFileType = sourcecode.c.h; path = GSMainWindowController.h; sourceTree = "<group>"; };
		8941AA01167AE240002FDB30 /* GSMainWindowController.m */ = {isa = PBXFileReference; fileEncoding = 4; lastKnownFileType = sourcecode.c.objc; path = GSMainWindowController.m; sourceTree = "<group>"; };
		89FDA24F16724E26003BFE02 /* WebKit.framework */ = {isa = PBXFileReference; lastKnownFileType = wrapper.framework; name = WebKit.framework; path = System/Library/Frameworks/WebKit.framework; sourceTree = SDKROOT; };
		89FDB5C31675D48C003BFE02 /* ObjectiveGitFramework.xcodeproj */ = {isa = PBXFileReference; lastKnownFileType = "wrapper.pb-project"; name = ObjectiveGitFramework.xcodeproj; path = "objective-git/ObjectiveGitFramework.xcodeproj"; sourceTree = "<group>"; };
/* End PBXFileReference section */

/* Begin PBXFrameworksBuildPhase section */
		89075F461670F536001A318D /* Frameworks */ = {
			isa = PBXFrameworksBuildPhase;
			buildActionMask = 2147483647;
			files = (
				89FDA25016724E26003BFE02 /* WebKit.framework in Frameworks */,
				89075F4E1670F536001A318D /* Cocoa.framework in Frameworks */,
			);
			runOnlyForDeploymentPostprocessing = 0;
		};
/* End PBXFrameworksBuildPhase section */

/* Begin PBXGroup section */
		89075F3E1670F536001A318D = {
			isa = PBXGroup;
			children = (
				89FDA2DB1675D477003BFE02 /* Libraries */,
				89075F531670F536001A318D /* GitStatX */,
				89075F6A1670F54C001A318D /* Resources */,
				89075F4C1670F536001A318D /* Frameworks */,
				89075F4A1670F536001A318D /* Products */,
			);
			sourceTree = "<group>";
		};
		89075F4A1670F536001A318D /* Products */ = {
			isa = PBXGroup;
			children = (
				89075F491670F536001A318D /* GitStatX.app */,
			);
			name = Products;
			sourceTree = "<group>";
		};
		89075F4C1670F536001A318D /* Frameworks */ = {
			isa = PBXGroup;
			children = (
				89FDA24F16724E26003BFE02 /* WebKit.framework */,
				89075F4D1670F536001A318D /* Cocoa.framework */,
				89075F4F1670F536001A318D /* Other Frameworks */,
			);
			name = Frameworks;
			sourceTree = "<group>";
		};
		89075F4F1670F536001A318D /* Other Frameworks */ = {
			isa = PBXGroup;
			children = (
				89075F501670F536001A318D /* AppKit.framework */,
				89075F511670F536001A318D /* CoreData.framework */,
				89075F521670F536001A318D /* Foundation.framework */,
			);
			name = "Other Frameworks";
			sourceTree = "<group>";
		};
		89075F531670F536001A318D /* GitStatX */ = {
			isa = PBXGroup;
			children = (
				89075F541670F536001A318D /* Supporting Files */,
				89075F5F1670F536001A318D /* GSAppDelegate.h */,
				89075F601670F536001A318D /* GSAppDelegate.m */,
				89075F621670F536001A318D /* MainMenu.xib */,
				8941AA00167AE240002FDB30 /* GSMainWindowController.h */,
				8941AA01167AE240002FDB30 /* GSMainWindowController.m */,
			);
			path = GitStatX;
			sourceTree = "<group>";
		};
		89075F541670F536001A318D /* Supporting Files */ = {
			isa = PBXGroup;
			children = (
				89075F551670F536001A318D /* GitStatX-Info.plist */,
				89075F561670F536001A318D /* InfoPlist.strings */,
				89075F591670F536001A318D /* main.m */,
				89075F5B1670F536001A318D /* GitStatX-Prefix.pch */,
				89075F5C1670F536001A318D /* Credits.rtf */,
			);
			name = "Supporting Files";
			sourceTree = "<group>";
		};
		89075F6A1670F54C001A318D /* Resources */ = {
			isa = PBXGroup;
			children = (
				89075F7316722E22001A318D /* gitstats */,
				89075F7116722E06001A318D /* gnuplot */,
				89075F6F16722D9F001A318D /* Icon.iconset */,
			);
			name = Resources;
			path = GitStatX/Resources;
			sourceTree = "<group>";
		};
		8936ACE6167F76FF00EB60D5 /* GACommandRunner */ = {
			isa = PBXGroup;
			children = (
				8936ACE7167F76FF00EB60D5 /* GAAutoscrollTextView.h */,
				8936ACE8167F76FF00EB60D5 /* GAAutoscrollTextView.m */,
				8936ACE9167F76FF00EB60D5 /* GACommandRunner.h */,
				8936ACEA167F76FF00EB60D5 /* GACommandRunner.m */,
			);
			path = GACommandRunner;
			sourceTree = "<group>";
		};
		89FDA2DB1675D477003BFE02 /* Libraries */ = {
			isa = PBXGroup;
			children = (
				8936ACE6167F76FF00EB60D5 /* GACommandRunner */,
				89FDB5C31675D48C003BFE02 /* ObjectiveGitFramework.xcodeproj */,
			);
			path = Libraries;
			sourceTree = "<group>";
		};
		89FDB5C41675D48C003BFE02 /* Products */ = {
			isa = PBXGroup;
			children = (
				89FDB5D71675D48D003BFE02 /* ObjectiveGit.framework */,
				89FDB5D91675D48D003BFE02 /* libObjectiveGit-iOS.a */,
				89FDB5DB1675D48D003BFE02 /* ObjectiveGitTests.octest */,
			);
			name = Products;
			sourceTree = "<group>";
		};
/* End PBXGroup section */

/* Begin PBXNativeTarget section */
		89075F481670F536001A318D /* GitStatX */ = {
			isa = PBXNativeTarget;
			buildConfigurationList = 89075F671670F536001A318D /* Build configuration list for PBXNativeTarget "GitStatX" */;
			buildPhases = (
				89075F451670F536001A318D /* Sources */,
				89075F461670F536001A318D /* Frameworks */,
				89075F471670F536001A318D /* Resources */,
			);
			buildRules = (
			);
			dependencies = (
				89FDB5E41675D499003BFE02 /* PBXTargetDependency */,
			);
			name = GitStatX;
			productName = GitStatX;
			productReference = 89075F491670F536001A318D /* GitStatX.app */;
			productType = "com.apple.product-type.application";
		};
/* End PBXNativeTarget section */

/* Begin PBXProject section */
		89075F401670F536001A318D /* Project object */ = {
			isa = PBXProject;
			attributes = {
				CLASSPREFIX = GS;
				LastUpgradeCheck = 0450;
				ORGANIZATIONNAME = TickPlant.com;
			};
			buildConfigurationList = 89075F431670F536001A318D /* Build configuration list for PBXProject "GitStatX" */;
			compatibilityVersion = "Xcode 3.2";
			developmentRegion = English;
			hasScannedForEncodings = 0;
			knownRegions = (
				en,
				English,
			);
			mainGroup = 89075F3E1670F536001A318D;
			productRefGroup = 89075F4A1670F536001A318D /* Products */;
			projectDirPath = "";
			projectReferences = (
				{
					ProductGroup = 89FDB5C41675D48C003BFE02 /* Products */;
					ProjectRef = 89FDB5C31675D48C003BFE02 /* ObjectiveGitFramework.xcodeproj */;
				},
			);
			projectRoot = "";
			targets = (
				89075F481670F536001A318D /* GitStatX */,
			);
		};
/* End PBXProject section */

/* Begin PBXReferenceProxy section */
		89FDB5D71675D48D003BFE02 /* ObjectiveGit.framework */ = {
			isa = PBXReferenceProxy;
			fileType = wrapper.framework;
			path = ObjectiveGit.framework;
			remoteRef = 89FDB5D61675D48D003BFE02 /* PBXContainerItemProxy */;
			sourceTree = BUILT_PRODUCTS_DIR;
		};
		89FDB5D91675D48D003BFE02 /* libObjectiveGit-iOS.a */ = {
			isa = PBXReferenceProxy;
			fileType = archive.ar;
			path = "libObjectiveGit-iOS.a";
			remoteRef = 89FDB5D81675D48D003BFE02 /* PBXContainerItemProxy */;
			sourceTree = BUILT_PRODUCTS_DIR;
		};
		89FDB5DB1675D48D003BFE02 /* ObjectiveGitTests.octest */ = {
			isa = PBXReferenceProxy;
			fileType = wrapper.cfbundle;
			path = ObjectiveGitTests.octest;
			remoteRef = 89FDB5DA1675D48D003BFE02 /* PBXContainerItemProxy */;
			sourceTree = BUILT_PRODUCTS_DIR;
		};
/* End PBXReferenceProxy section */

/* Begin PBXResourcesBuildPhase section */
		89075F471670F536001A318D /* Resources */ = {
			isa = PBXResourcesBuildPhase;
			buildActionMask = 2147483647;
			files = (
				89075F581670F536001A318D /* InfoPlist.strings in Resources */,
				89075F5E1670F536001A318D /* Credits.rtf in Resources */,
				89075F641670F536001A318D /* MainMenu.xib in Resources */,
				89075F7016722D9F001A318D /* Icon.iconset in Resources */,
				89075F7216722E06001A318D /* gnuplot in Resources */,
				89075F7416722E22001A318D /* gitstats in Resources */,
			);
			runOnlyForDeploymentPostprocessing = 0;
		};
/* End PBXResourcesBuildPhase section */

/* Begin PBXSourcesBuildPhase section */
		89075F451670F536001A318D /* Sources */ = {
			isa = PBXSourcesBuildPhase;
			buildActionMask = 2147483647;
			files = (
				89075F5A1670F536001A318D /* main.m in Sources */,
				89075F611670F536001A318D /* GSAppDelegate.m in Sources */,
				8941AA02167AE240002FDB30 /* GSMainWindowController.m in Sources */,
				8936ACEB167F76FF00EB60D5 /* GAAutoscrollTextView.m in Sources */,
				8936ACEC167F76FF00EB60D5 /* GACommandRunner.m in Sources */,
			);
			runOnlyForDeploymentPostprocessing = 0;
		};
/* End PBXSourcesBuildPhase section */

/* Begin PBXTargetDependency section */
		89FDB5E41675D499003BFE02 /* PBXTargetDependency */ = {
			isa = PBXTargetDependency;
			name = ObjectiveGit;
			targetProxy = 89FDB5E31675D499003BFE02 /* PBXContainerItemProxy */;
		};
/* End PBXTargetDependency section */

/* Begin PBXVariantGroup section */
		89075F561670F536001A318D /* InfoPlist.strings */ = {
			isa = PBXVariantGroup;
			children = (
				89075F571670F536001A318D /* en */,
			);
			name = InfoPlist.strings;
			sourceTree = "<group>";
		};
		89075F5C1670F536001A318D /* Credits.rtf */ = {
			isa = PBXVariantGroup;
			children = (
				89075F5D1670F536001A318D /* en */,
			);
			name = Credits.rtf;
			sourceTree = "<group>";
		};
		89075F621670F536001A318D /* MainMenu.xib */ = {
			isa = PBXVariantGroup;
			children = (
				89075F631670F536001A318D /* en */,
			);
			name = MainMenu.xib;
			sourceTree = "<group>";
		};
/* End PBXVariantGroup section */

/* Begin XCBuildConfiguration section */
		89075F651670F536001A318D /* Debug */ = {
			isa = XCBuildConfiguration;
			buildSettings = {
				ALWAYS_SEARCH_USER_PATHS = NO;
				ARCHS = "$(ARCHS_STANDARD_64_BIT)";
				CLANG_CXX_LANGUAGE_STANDARD = "gnu++0x";
				CLANG_CXX_LIBRARY = "libc++";
				CLANG_WARN_EMPTY_BODY = YES;
				CLANG_WARN__DUPLICATE_METHOD_MATCH = YES;
				COPY_PHASE_STRIP = NO;
				GCC_C_LANGUAGE_STANDARD = gnu99;
				GCC_DYNAMIC_NO_PIC = NO;
				GCC_ENABLE_OBJC_EXCEPTIONS = YES;
				GCC_OPTIMIZATION_LEVEL = 0;
				GCC_PREPROCESSOR_DEFINITIONS = (
					"DEBUG=1",
					"$(inherited)",
				);
				GCC_SYMBOLS_PRIVATE_EXTERN = NO;
				GCC_WARN_64_TO_32_BIT_CONVERSION = YES;
				GCC_WARN_ABOUT_RETURN_TYPE = YES;
				GCC_WARN_UNINITIALIZED_AUTOS = YES;
				GCC_WARN_UNUSED_VARIABLE = YES;
				MACOSX_DEPLOYMENT_TARGET = 10.7;
				ONLY_ACTIVE_ARCH = YES;
				SDKROOT = macosx;
			};
			name = Debug;
		};
		89075F661670F536001A318D /* Release */ = {
			isa = XCBuildConfiguration;
			buildSettings = {
				ALWAYS_SEARCH_USER_PATHS = NO;
				ARCHS = "$(ARCHS_STANDARD_64_BIT)";
				CLANG_CXX_LANGUAGE_STANDARD = "gnu++0x";
				CLANG_CXX_LIBRARY = "libc++";
				CLANG_WARN_EMPTY_BODY = YES;
				CLANG_WARN__DUPLICATE_METHOD_MATCH = YES;
				COPY_PHASE_STRIP = YES;
				DEBUG_INFORMATION_FORMAT = "dwarf-with-dsym";
				GCC_C_LANGUAGE_STANDARD = gnu99;
				GCC_ENABLE_OBJC_EXCEPTIONS = YES;
				GCC_WARN_64_TO_32_BIT_CONVERSION = YES;
				GCC_WARN_ABOUT_RETURN_TYPE = YES;
				GCC_WARN_UNINITIALIZED_AUTOS = YES;
				GCC_WARN_UNUSED_VARIABLE = YES;
				MACOSX_DEPLOYMENT_TARGET = 10.7;
				SDKROOT = macosx;
			};
			name = Release;
		};
		89075F681670F536001A318D /* Debug */ = {
			isa = XCBuildConfiguration;
			buildSettings = {
				COMBINE_HIDPI_IMAGES = YES;
				GCC_PRECOMPILE_PREFIX_HEADER = YES;
				GCC_PREFIX_HEADER = "GitStatX/GitStatX-Prefix.pch";
				INFOPLIST_FILE = "GitStatX/GitStatX-Info.plist";
				PRODUCT_NAME = "$(TARGET_NAME)";
				WRAPPER_EXTENSION = app;
			};
			name = Debug;
		};
		89075F691670F536001A318D /* Release */ = {
			isa = XCBuildConfiguration;
			buildSettings = {
				COMBINE_HIDPI_IMAGES = YES;
				GCC_PRECOMPILE_PREFIX_HEADER = YES;
				GCC_PREFIX_HEADER = "GitStatX/GitStatX-Prefix.pch";
				INFOPLIST_FILE = "GitStatX/GitStatX-Info.plist";
				PRODUCT_NAME = "$(TARGET_NAME)";
				WRAPPER_EXTENSION = app;
			};
			name = Release;
		};
/* End XCBuildConfiguration section */

/* Begin XCConfigurationList section */
		89075F431670F536001A318D /* Build configuration list for PBXProject "GitStatX" */ = {
			isa = XCConfigurationList;
			buildConfigurations = (
				89075F651670F536001A318D /* Debug */,
				89075F661670F536001A318D /* Release */,
			);
			defaultConfigurationIsVisible = 0;
			defaultConfigurationName = Release;
		};
		89075F671670F536001A318D /* Build configuration list for PBXNativeTarget "GitStatX" */ = {
			isa = XCConfigurationList;
			buildConfigurations = (
				89075F681670F536001A318D /* Debug */,
				89075F691670F536001A318D /* Release */,
			);
			defaultConfigurationIsVisible = 0;
			defaultConfigurationName = Release;
		};
/* End XCConfigurationList section */
	};
	rootObject = 89075F401670F536001A318D /* Project object */;
}
